
Microsoft Visual Studio Solution File, Format Version 11.00
# Visual Studio 2010
Project("{FAE04EC0-301F-11D3-BF4B-00C04F79EFBC}") = "LambdaPractice01", "LambdaPractice01\LambdaPractice01.csproj", "{3285A5A3-2A5C-41F3-B009-773E99E86C1F}"
EndProject
Global
	GlobalSection(SolutionConfigurationPlatforms) = preSolution
		Debug|x86 = Debug|x86
		Release|x86 = Release|x86
	EndGlobalSection
	GlobalSection(ProjectConfigurationPlatforms) = postSolution
		{3285A5A3-2A5C-41F3-B009-773E99E86C1F}.Debug|x86.ActiveCfg = Debug|x86
		{3285A5A3-2A5C-41F3-B009-773E99E86C1F}.Debug|x86.Build.0 = Debug|x86
		{3285A5A3-2A5C-41F3-B009-773E99E86C1F}.Release|x86.ActiveCfg = Release|x86
		{3285A5A3-2A5C-41F3-B009-773E99E86C1F}.Release|x86.Build.0 = Release|x86
	EndGlobalSection
	GlobalSection(SolutionProperties) = preSolution
		HideSolutionNode = FALSE
	EndGlobalSection
EndGlobal
